{
  "lockfileVersion": 2,
  "configVersion": 0,
  "workspaces": {
    "": {
      "name": "cinepro-core",
      "dependencies": {
        "@consumet/extensions": "^1.8.8",
        "@movie-web/providers": "^2.4.13",
        "@omss/framework": "^1.1.26",
        "cheerio": "^1.2.0",
        "crypto-js": "^4.2.0",
        "dotenv": "^16.4.5",
        "glob": "^13.0.6",
        "kaizoku-core": "^0.3.4",
      },
      "devDependencies": {
        "@types/crypto-js": "^4.2.2",
        "@types/node": "^22.7.4",
        "prettier": "^3.3.3",
        "tsx": "^4.19.1",
        "typescript": "^5.6.2",
      },
    },
  },
  "packages": {
    "@consumet/extensions": ["@consumet/extensions@1.8.8", "", { "dependencies": { "ascii-url-encoder": "^1.2.0", "axios": "^1.7.9", "cheerio": "^1.0.0-rc.12", "crypto-js": "^4.1.1", "domhandler": "^5.0.3", "form-data": "^4.0.0", "got": "^11.8.6", "got-scraping": "^4.1.2", "husky": "^9.1.1", "node-fetch": "^2.7.0" } }, ""],

    "@esbuild/linux-x64": ["@esbuild/linux-x64@0.28.2", "", { "os": "linux", "cpu": "x64" }, ""],

    "@fastify/ajv-compiler": ["@fastify/ajv-compiler@4.0.6", "", { "dependencies": { "ajv": "^8.12.0", "ajv-formats": "^3.0.1", "fast-uri": "^4.0.0" } }, ""],

    "@fastify/cors": ["@fastify/cors@11.3.0", "", { "dependencies": { "fastify-plugin": "^6.0.0", "toad-cache": "^3.7.0" } }, ""],

    "@fastify/error": ["@fastify/error@4.2.0", "", {}, ""],

    "@fastify/fast-json-stringify-compiler": ["@fastify/fast-json-stringify-compiler@5.1.0", "", { "dependencies": { "fast-json-stringify": "^7.0.0" } }, ""],

    "@fastify/forwarded": ["@fastify/forwarded@3.0.2", "", {}, ""],

    "@fastify/merge-json-schemas": ["@fastify/merge-json-schemas@0.2.1", "", { "dependencies": { "dequal": "^2.0.3" } }, ""],

    "@fastify/proxy-addr": ["@fastify/proxy-addr@5.1.1", "", { "dependencies": { "@fastify/forwarded": "^3.0.0", "ipaddr.js": "^2.1.0" } }, ""],

    "@ioredis/commands": ["@ioredis/commands@1.10.0", "", {}, ""],

    "@keyv/serialize": ["@keyv/serialize@1.1.1", "", {}, ""],

    "@movie-web/providers": ["@movie-web/providers@2.4.13", "", { "dependencies": { "abort-controller": "^3.0.0", "cheerio": "^1.0.0-rc.12", "cookie": "^0.6.0", "crypto-js": "^4.2.0", "form-data": "^4.0.0", "hls-parser": "^0.13.2", "iso-639-1": "^3.1.2", "nanoid": "^3.3.7", "node-fetch": "^3.3.2", "set-cookie-parser": "^2.6.0", "unpacker": "^1.0.1" } }, ""],

    "@omss/framework": ["@omss/framework@1.1.26", "", { "dependencies": { "@fastify/cors": "^11.2.0", "fastify": "^5.7.1", "ioredis": "^5.9.2" }, "peerDependencies": { "typescript": "^5.0.0" } }, ""],

    "@pinojs/redact": ["@pinojs/redact@0.4.0", "", {}, ""],

    "@sec-ant/readable-stream": ["@sec-ant/readable-stream@0.4.1", "", {}, ""],

    "@sindresorhus/is": ["@sindresorhus/is@4.6.0", "", {}, ""],

    "@szmarczak/http-timer": ["@szmarczak/http-timer@4.0.6", "", { "dependencies": { "defer-to-connect": "^2.0.0" } }, ""],

    "@types/cacheable-request": ["@types/cacheable-request@6.0.3", "", { "dependencies": { "@types/http-cache-semantics": "*", "@types/keyv": "^3.1.4", "@types/node": "*", "@types/responselike": "^1.0.0" } }, ""],

    "@types/crypto-js": ["@types/crypto-js@4.2.2", "", {}, ""],

    "@types/http-cache-semantics": ["@types/http-cache-semantics@4.2.0", "", {}, ""],

    "@types/keyv": ["@types/keyv@3.1.4", "", { "dependencies": { "@types/node": "*" } }, ""],

    "@types/node": ["@types/node@22.20.5", "", { "dependencies": { "undici-types": "~6.21.0" } }, ""],

    "@types/responselike": ["@types/responselike@1.0.3", "", { "dependencies": { "@types/node": "*" } }, ""],

    "abort-controller": ["abort-controller@3.0.0", "", { "dependencies": { "event-target-shim": "^5.0.0" } }, ""],

    "abstract-logging": ["abstract-logging@2.0.1", "", {}, ""],

    "adm-zip": ["adm-zip@0.6.1", "", {}, ""],

    "agent-base": ["agent-base@6.0.2", "", { "dependencies": { "debug": "4" } }, ""],

    "ajv": ["ajv@8.20.0", "", { "dependencies": { "fast-deep-equal": "^3.1.3", "fast-uri": "^3.0.1", "json-schema-traverse": "^1.0.0", "require-from-string": "^2.0.2" } }, ""],

    "ajv-formats": ["ajv-formats@3.0.1", "", { "dependencies": { "ajv": "^8.0.0" } }, ""],

    "ascii-url-encoder": ["ascii-url-encoder@1.2.0", "", {}, ""],

    "asynckit": ["asynckit@0.4.0", "", {}, ""],

    "atomic-sleep": ["atomic-sleep@1.0.0", "", {}, ""],

    "avvio": ["avvio@9.3.0", "", { "dependencies": { "@fastify/error": "^4.0.0", "fastq": "^1.17.1" } }, ""],

    "axios": ["axios@1.20.0", "", { "dependencies": { "follow-redirects": "^1.16.0", "form-data": "^4.0.6", "https-proxy-agent": "^5.0.1", "proxy-from-env": "^2.1.0" } }, ""],

    "balanced-match": ["balanced-match@4.0.4", "", {}, ""],

    "baseline-browser-mapping": ["baseline-browser-mapping@2.11.27", "", { "bin": "dist/cli.cjs" }, ""],

    "boolbase": ["boolbase@1.0.0", "", {}, ""],

    "brace-expansion": ["brace-expansion@5.0.12", "", { "dependencies": { "balanced-match": "^4.0.2" } }, ""],

    "browserslist": ["browserslist@4.29.3", "", { "dependencies": { "baseline-browser-mapping": "^2.11.26", "caniuse-lite": "^1.0.30001813", "electron-to-chromium": "^1.5.439", "node-releases": "^2.0.57", "update-browserslist-db": "^1.3.3" }, "bin": "cli.js" }, ""],

    "byte-counter": ["byte-counter@0.1.0", "", {}, ""],

    "cacheable-lookup": ["cacheable-lookup@5.0.4", "", {}, ""],

    "cacheable-request": ["cacheable-request@7.0.4", "", { "dependencies": { "clone-response": "^1.0.2", "get-stream": "^5.1.0", "http-cache-semantics": "^4.0.0", "keyv": "^4.0.0", "lowercase-keys": "^2.0.0", "normalize-url": "^6.0.1", "responselike": "^2.0.0" } }, ""],

    "call-bind-apply-helpers": ["call-bind-apply-helpers@1.0.2", "", { "dependencies": { "es-errors": "^1.3.0", "function-bind": "^1.1.2" } }, ""],

    "callsites": ["callsites@4.2.0", "", {}, ""],

    "caniuse-lite": ["caniuse-lite@1.0.30001814", "", {}, ""],

    "cheerio": ["cheerio@1.2.0", "", { "dependencies": { "cheerio-select": "^2.1.0", "dom-serializer": "^2.0.0", "domhandler": "^5.0.3", "domutils": "^3.2.2", "encoding-sniffer": "^0.2.1", "htmlparser2": "^10.1.0", "parse5": "^7.3.0", "parse5-htmlparser2-tree-adapter": "^7.1.0", "parse5-parser-stream": "^7.1.2", "undici": "^7.19.0", "whatwg-mimetype": "^4.0.0" } }, ""],

    "cheerio-select": ["cheerio-select@2.1.0", "", { "dependencies": { "boolbase": "^1.0.0", "css-select": "^5.1.0", "css-what": "^6.1.0", "domelementtype": "^2.3.0", "domhandler": "^5.0.3", "domutils": "^3.0.1" } }, ""],

    "clone-response": ["clone-response@1.0.3", "", { "dependencies": { "mimic-response": "^1.0.0" } }, ""],

    "cluster-key-slot": ["cluster-key-slot@1.1.1", "", {}, ""],

    "combined-stream": ["combined-stream@1.0.8", "", { "dependencies": { "delayed-stream": "~1.0.0" } }, ""],

    "cookie": ["cookie@0.6.0", "", {}, ""],

    "crypto-js": ["crypto-js@4.2.0", "", {}, ""],

    "css-select": ["css-select@5.2.2", "", { "dependencies": { "boolbase": "^1.0.0", "css-what": "^6.1.0", "domhandler": "^5.0.2", "domutils": "^3.0.1", "nth-check": "^2.0.1" } }, ""],

    "css-what": ["css-what@6.2.2", "", {}, ""],

    "data-uri-to-buffer": ["data-uri-to-buffer@4.0.1", "", {}, ""],

    "debug": ["debug@4.4.3", "", { "dependencies": { "ms": "^2.1.3" } }, ""],

    "decompress-response": ["decompress-response@6.0.0", "", { "dependencies": { "mimic-response": "^3.1.0" } }, ""],

    "defer-to-connect": ["defer-to-connect@2.0.1", "", {}, ""],

    "delayed-stream": ["delayed-stream@1.0.0", "", {}, ""],

    "denque": ["denque@2.1.0", "", {}, ""],

    "dequal": ["dequal@2.0.3", "", {}, ""],

    "dom-serializer": ["dom-serializer@2.0.0", "", { "dependencies": { "domelementtype": "^2.3.0", "domhandler": "^5.0.2", "entities": "^4.2.0" } }, ""],

    "domelementtype": ["domelementtype@2.3.0", "", {}, ""],

    "domhandler": ["domhandler@5.0.3", "", { "dependencies": { "domelementtype": "^2.3.0" } }, ""],

    "domutils": ["domutils@3.2.2", "", { "dependencies": { "dom-serializer": "^2.0.0", "domelementtype": "^2.3.0", "domhandler": "^5.0.3" } }, ""],

    "dot-prop": ["dot-prop@7.2.0", "", { "dependencies": { "type-fest": "^2.11.2" } }, ""],

    "dotenv": ["dotenv@16.6.1", "", {}, ""],

    "dunder-proto": ["dunder-proto@1.0.1", "", { "dependencies": { "call-bind-apply-helpers": "^1.0.1", "es-errors": "^1.3.0", "gopd": "^1.2.0" } }, ""],

    "electron-to-chromium": ["electron-to-chromium@1.5.444", "", {}, ""],

    "encoding-sniffer": ["encoding-sniffer@0.2.1", "", { "dependencies": { "iconv-lite": "^0.6.3", "whatwg-encoding": "^3.1.1" } }, ""],

    "end-of-stream": ["end-of-stream@1.4.5", "", { "dependencies": { "once": "^1.4.0" } }, ""],

    "entities": ["entities@4.5.0", "", {}, ""],

    "es-define-property": ["es-define-property@1.0.1", "", {}, ""],

    "es-errors": ["es-errors@1.3.0", "", {}, ""],

    "es-object-atoms": ["es-object-atoms@1.1.2", "", { "dependencies": { "es-errors": "^1.3.0" } }, ""],

    "es-set-tostringtag": ["es-set-tostringtag@2.1.0", "", { "dependencies": { "es-errors": "^1.3.0", "get-intrinsic": "^1.2.6", "has-tostringtag": "^1.0.2", "hasown": "^2.0.2" } }, ""],

    "esbuild": ["esbuild@0.28.2", "", { "optionalDependencies": { "@esbuild/aix-ppc64": "0.28.2", "@esbuild/android-arm": "0.28.2", "@esbuild/android-arm64": "0.28.2", "@esbuild/android-x64": "0.28.2", "@esbuild/darwin-arm64": "0.28.2", "@esbuild/darwin-x64": "0.28.2", "@esbuild/freebsd-arm64": "0.28.2", "@esbuild/freebsd-x64": "0.28.2", "@esbuild/linux-arm": "0.28.2", "@esbuild/linux-arm64": "0.28.2", "@esbuild/linux-ia32": "0.28.2", "@esbuild/linux-loong64": "0.28.2", "@esbuild/linux-mips64el": "0.28.2", "@esbuild/linux-ppc64": "0.28.2", "@esbuild/linux-riscv64": "0.28.2", "@esbuild/linux-s390x": "0.28.2", "@esbuild/linux-x64": "0.28.2", "@esbuild/netbsd-arm64": "0.28.2", "@esbuild/netbsd-x64": "0.28.2", "@esbuild/openbsd-arm64": "0.28.2", "@esbuild/openbsd-x64": "0.28.2", "@esbuild/openharmony-arm64": "0.28.2", "@esbuild/sunos-x64": "0.28.2", "@esbuild/win32-arm64": "0.28.2", "@esbuild/win32-ia32": "0.28.2", "@esbuild/win32-x64": "0.28.2" }, "bin": "bin/esbuild" }, ""],

    "escalade": ["escalade@3.2.0", "", {}, ""],

    "event-target-shim": ["event-target-shim@5.0.1", "", {}, ""],

    "fast-decode-uri-component": ["fast-decode-uri-component@1.0.1", "", {}, ""],

    "fast-deep-equal": ["fast-deep-equal@3.1.3", "", {}, ""],

    "fast-json-stringify": ["fast-json-stringify@7.0.1", "", { "dependencies": { "@fastify/merge-json-schemas": "^0.2.0", "ajv": "^8.12.0", "ajv-formats": "^3.0.1", "fast-uri": "^4.0.0", "json-schema-ref-resolver": "^3.0.0", "rfdc": "^1.2.0" } }, ""],

    "fast-querystring": ["fast-querystring@1.1.2", "", { "dependencies": { "fast-decode-uri-component": "^1.0.1" } }, ""],

    "fast-uri": ["fast-uri@4.2.1", "", {}, ""],

    "fastify": ["fastify@5.12.5", "", { "dependencies": { "@fastify/ajv-compiler": "^4.0.5", "@fastify/error": "^4.0.0", "@fastify/fast-json-stringify-compiler": "^5.0.0", "@fastify/proxy-addr": "^5.0.0", "abstract-logging": "^2.0.1", "avvio": "^9.0.0", "fast-json-stringify": "^7.0.0", "find-my-way": "^9.6.0", "light-my-request": "^6.0.0", "pino": "^9.14.0 || ^10.1.0", "process-warning": "^5.1.0", "rfdc": "^1.3.1", "secure-json-parse": "^4.0.0", "semver": "^7.6.0", "toad-cache": "^3.7.0" } }, ""],

    "fastify-plugin": ["fastify-plugin@6.0.0", "", {}, ""],

    "fastq": ["fastq@1.20.3", "", { "dependencies": { "reusify": "^1.0.4" } }, ""],

    "fetch-blob": ["fetch-blob@3.2.0", "", { "dependencies": { "node-domexception": "^1.0.0", "web-streams-polyfill": "^3.0.3" } }, ""],

    "find-my-way": ["find-my-way@9.9.0", "", { "dependencies": { "fast-deep-equal": "^3.1.3", "fast-querystring": "^1.0.0", "safe-regex2": "^5.0.0" } }, ""],

    "follow-redirects": ["follow-redirects@1.16.1", "", {}, ""],

    "form-data": ["form-data@4.0.6", "", { "dependencies": { "asynckit": "^0.4.0", "combined-stream": "^1.0.8", "es-set-tostringtag": "^2.1.0", "hasown": "^2.0.4", "mime-types": "^2.1.35" } }, ""],

    "form-data-encoder": ["form-data-encoder@4.1.0", "", {}, ""],

    "formdata-polyfill": ["formdata-polyfill@4.0.10", "", { "dependencies": { "fetch-blob": "^3.1.2" } }, ""],

    "function-bind": ["function-bind@1.1.2", "", {}, ""],

    "generative-bayesian-network": ["generative-bayesian-network@2.1.88", "", { "dependencies": { "adm-zip": "^0.6.0", "tslib": "^2.4.0" } }, ""],

    "get-intrinsic": ["get-intrinsic@1.3.0", "", { "dependencies": { "call-bind-apply-helpers": "^1.0.2", "es-define-property": "^1.0.1", "es-errors": "^1.3.0", "es-object-atoms": "^1.1.1", "function-bind": "^1.1.2", "get-proto": "^1.0.1", "gopd": "^1.2.0", "has-symbols": "^1.1.0", "hasown": "^2.0.2", "math-intrinsics": "^1.1.0" } }, ""],

    "get-proto": ["get-proto@1.0.1", "", { "dependencies": { "dunder-proto": "^1.0.1", "es-object-atoms": "^1.0.0" } }, ""],

    "get-stream": ["get-stream@5.2.0", "", { "dependencies": { "pump": "^3.0.0" } }, ""],

    "glob": ["glob@13.0.6", "", { "dependencies": { "minimatch": "^10.2.2", "minipass": "^7.1.3", "path-scurry": "^2.0.2" } }, ""],

    "gopd": ["gopd@1.2.0", "", {}, ""],

    "got": ["got@11.8.6", "", { "dependencies": { "@sindresorhus/is": "^4.0.0", "@szmarczak/http-timer": "^4.0.5", "@types/cacheable-request": "^6.0.1", "@types/responselike": "^1.0.0", "cacheable-lookup": "^5.0.3", "cacheable-request": "^7.0.2", "decompress-response": "^6.0.0", "http2-wrapper": "^1.0.0-beta.5.2", "lowercase-keys": "^2.0.0", "p-cancelable": "^2.0.0", "responselike": "^2.0.0" } }, ""],

    "got-scraping": ["got-scraping@4.2.1", "", { "dependencies": { "got": "^14.2.1", "header-generator": "^2.1.41", "http2-wrapper": "^2.2.0", "mimic-response": "^4.0.0", "ow": "^1.1.1", "quick-lru": "^7.0.0", "tslib": "^2.6.2" } }, ""],

    "has-symbols": ["has-symbols@1.1.0", "", {}, ""],

    "has-tostringtag": ["has-tostringtag@1.0.2", "", { "dependencies": { "has-symbols": "^1.0.3" } }, ""],

    "hasown": ["hasown@2.0.4", "", { "dependencies": { "function-bind": "^1.1.2" } }, ""],

    "header-generator": ["header-generator@2.1.88", "", { "dependencies": { "browserslist": "^4.21.1", "generative-bayesian-network": "2.1.88", "ow": "^0.28.1", "tslib": "^2.4.0" } }, ""],

    "hls-parser": ["hls-parser@0.13.6", "", {}, ""],

    "htmlparser2": ["htmlparser2@10.1.0", "", { "dependencies": { "domelementtype": "^2.3.0", "domhandler": "^5.0.3", "domutils": "^3.2.2", "entities": "^7.0.1" } }, ""],

    "http-cache-semantics": ["http-cache-semantics@4.3.0", "", {}, ""],

    "http2-wrapper": ["http2-wrapper@1.0.3", "", { "dependencies": { "quick-lru": "^5.1.1", "resolve-alpn": "^1.0.0" } }, ""],

    "https-proxy-agent": ["https-proxy-agent@5.0.1", "", { "dependencies": { "agent-base": "6", "debug": "4" } }, ""],

    "husky": ["husky@9.1.7", "", { "bin": "bin.js" }, ""],

    "iconv-lite": ["iconv-lite@0.6.3", "", { "dependencies": { "safer-buffer": ">= 2.1.2 < 3.0.0" } }, ""],

    "ioredis": ["ioredis@5.11.1", "", { "dependencies": { "@ioredis/commands": "1.10.0", "cluster-key-slot": "1.1.1", "debug": "4.4.3", "denque": "2.1.0", "redis-errors": "1.2.0", "redis-parser": "3.0.0", "standard-as-callback": "2.1.0" } }, ""],

    "ipaddr.js": ["ipaddr.js@2.5.0", "", {}, ""],

    "is-obj": ["is-obj@2.0.0", "", {}, ""],

    "is-stream": ["is-stream@4.0.1", "", {}, ""],

    "iso-639-1": ["iso-639-1@3.1.6", "", {}, ""],

    "json-buffer": ["json-buffer@3.0.1", "", {}, ""],

    "json-schema-ref-resolver": ["json-schema-ref-resolver@3.0.0", "", { "dependencies": { "dequal": "^2.0.3" } }, ""],

    "json-schema-traverse": ["json-schema-traverse@1.0.0", "", {}, ""],

    "kaizoku-core": ["kaizoku-core@0.3.4", "", { "dependencies": { "cheerio": "^1.0.0-rc.12" } }, ""],

    "keyv": ["keyv@4.5.4", "", { "dependencies": { "json-buffer": "3.0.1" } }, ""],

    "light-my-request": ["light-my-request@6.6.0", "", { "dependencies": { "cookie": "^1.0.1", "process-warning": "^4.0.0", "set-cookie-parser": "^2.6.0" } }, ""],

    "lodash.isequal": ["lodash.isequal@4.5.0", "", {}, ""],

    "lowercase-keys": ["lowercase-keys@2.0.0", "", {}, ""],

    "lru-cache": ["lru-cache@11.5.3", "", {}, ""],

    "math-intrinsics": ["math-intrinsics@1.1.0", "", {}, ""],

    "mime-db": ["mime-db@1.52.0", "", {}, ""],

    "mime-types": ["mime-types@2.1.35", "", { "dependencies": { "mime-db": "1.52.0" } }, ""],

    "mimic-response": ["mimic-response@4.0.0", "", {}, ""],

    "minimatch": ["minimatch@10.2.6", "", { "dependencies": { "brace-expansion": "^5.0.8" } }, ""],

    "minipass": ["minipass@7.1.3", "", {}, ""],

    "ms": ["ms@2.1.3", "", {}, ""],

    "nanoid": ["nanoid@3.3.19", "", { "bin": "bin/nanoid.cjs" }, ""],

    "node-domexception": ["node-domexception@1.0.0", "", {}, ""],

    "node-fetch": ["node-fetch@2.7.0", "", { "dependencies": { "whatwg-url": "^5.0.0" }, "peerDependencies": { "encoding": "^0.1.0" }, "optionalPeers": ["encoding"] }, ""],

    "node-releases": ["node-releases@2.0.57", "", {}, ""],

    "normalize-url": ["normalize-url@6.1.0", "", {}, ""],

    "nth-check": ["nth-check@2.1.1", "", { "dependencies": { "boolbase": "^1.0.0" } }, ""],

    "on-exit-leak-free": ["on-exit-leak-free@2.1.2", "", {}, ""],

    "once": ["once@1.4.0", "", { "dependencies": { "wrappy": "1" } }, ""],

    "ow": ["ow@1.1.1", "", { "dependencies": { "@sindresorhus/is": "^5.3.0", "callsites": "^4.0.0", "dot-prop": "^7.2.0", "lodash.isequal": "^4.5.0", "vali-date": "^1.0.0" } }, ""],

    "p-cancelable": ["p-cancelable@2.1.1", "", {}, ""],

    "parse5": ["parse5@7.3.0", "", { "dependencies": { "entities": "^6.0.0" } }, ""],

    "parse5-htmlparser2-tree-adapter": ["parse5-htmlparser2-tree-adapter@7.1.0", "", { "dependencies": { "domhandler": "^5.0.3", "parse5": "^7.0.0" } }, ""],

    "parse5-parser-stream": ["parse5-parser-stream@7.1.2", "", { "dependencies": { "parse5": "^7.0.0" } }, ""],

    "path-scurry": ["path-scurry@2.0.2", "", { "dependencies": { "lru-cache": "^11.0.0", "minipass": "^7.1.2" } }, ""],

    "picocolors": ["picocolors@1.1.1", "", {}, ""],

    "pino": ["pino@10.4.0", "", { "dependencies": { "@pinojs/redact": "^0.4.0", "atomic-sleep": "^1.0.0", "on-exit-leak-free": "^2.1.0", "pino-abstract-transport": "^3.0.0", "pino-std-serializers": "^7.0.0", "process-warning": "^5.0.0", "quick-format-unescaped": "^4.0.3", "real-require": "^1.0.0", "safe-stable-stringify": "^2.3.1", "sonic-boom": "^4.0.1", "thread-stream": "^4.0.0" }, "bin": "bin.js" }, ""],

    "pino-abstract-transport": ["pino-abstract-transport@3.0.0", "", { "dependencies": { "split2": "^4.0.0" } }, ""],

    "pino-std-serializers": ["pino-std-serializers@7.1.0", "", {}, ""],

    "prettier": ["prettier@3.9.9", "", { "bin": "bin/prettier.cjs" }, ""],

    "process-warning": ["process-warning@5.1.0", "", {}, ""],

    "proxy-from-env": ["proxy-from-env@2.1.0", "", {}, ""],

    "pump": ["pump@3.0.4", "", { "dependencies": { "end-of-stream": "^1.1.0", "once": "^1.3.1" } }, ""],

    "quick-format-unescaped": ["quick-format-unescaped@4.0.4", "", {}, ""],

    "quick-lru": ["quick-lru@7.3.0", "", {}, ""],

    "real-require": ["real-require@1.0.0", "", {}, ""],

    "redis-errors": ["redis-errors@1.2.0", "", {}, ""],

    "redis-parser": ["redis-parser@3.0.0", "", { "dependencies": { "redis-errors": "^1.0.0" } }, ""],

    "require-from-string": ["require-from-string@2.0.2", "", {}, ""],

    "resolve-alpn": ["resolve-alpn@1.2.1", "", {}, ""],

    "responselike": ["responselike@2.0.1", "", { "dependencies": { "lowercase-keys": "^2.0.0" } }, ""],

    "ret": ["ret@0.5.0", "", {}, ""],

    "reusify": ["reusify@1.1.0", "", {}, ""],

    "rfdc": ["rfdc@1.4.1", "", {}, ""],

    "safe-regex2": ["safe-regex2@5.1.1", "", { "dependencies": { "ret": "~0.5.0" }, "bin": "bin/safe-regex2.js" }, ""],

    "safe-stable-stringify": ["safe-stable-stringify@2.5.0", "", {}, ""],

    "safer-buffer": ["safer-buffer@2.1.2", "", {}, ""],

    "secure-json-parse": ["secure-json-parse@4.1.0", "", {}, ""],

    "semver": ["semver@7.8.5", "", { "bin": "bin/semver.js" }, ""],

    "set-cookie-parser": ["set-cookie-parser@2.7.2", "", {}, ""],

    "sonic-boom": ["sonic-boom@4.2.1", "", { "dependencies": { "atomic-sleep": "^1.0.0" } }, ""],

    "split2": ["split2@4.2.0", "", {}, ""],

    "standard-as-callback": ["standard-as-callback@2.1.0", "", {}, ""],

    "thread-stream": ["thread-stream@4.2.0", "", { "dependencies": { "real-require": "^1.0.0" } }, ""],

    "toad-cache": ["toad-cache@3.7.4", "", {}, ""],

    "tr46": ["tr46@0.0.3", "", {}, ""],

    "tslib": ["tslib@2.8.1", "", {}, ""],

    "tsx": ["tsx@4.23.15", "", { "dependencies": { "esbuild": "~0.28.0" }, "optionalDependencies": { "fsevents": "~2.3.3" }, "bin": "dist/cli.mjs" }, ""],

    "type-fest": ["type-fest@4.41.0", "", {}, ""],

    "typescript": ["typescript@5.9.3", "", { "bin": { "tsc": "bin/tsc", "tsserver": "bin/tsserver" } }, ""],

    "undici": ["undici@7.30.0", "", {}, ""],

    "undici-types": ["undici-types@6.21.0", "", {}, ""],

    "unpacker": ["unpacker@1.0.1", "", {}, ""],

    "update-browserslist-db": ["update-browserslist-db@1.3.3", "", { "dependencies": { "escalade": "^3.2.0", "picocolors": "^1.1.1" }, "peerDependencies": { "browserslist": ">= 4.21.0" }, "bin": "cli.js" }, ""],

    "vali-date": ["vali-date@1.0.0", "", {}, ""],

    "web-streams-polyfill": ["web-streams-polyfill@3.3.3", "", {}, ""],

    "webidl-conversions": ["webidl-conversions@3.0.1", "", {}, ""],

    "whatwg-encoding": ["whatwg-encoding@3.1.1", "", { "dependencies": { "iconv-lite": "0.6.3" } }, ""],

    "whatwg-mimetype": ["whatwg-mimetype@4.0.0", "", {}, ""],

    "whatwg-url": ["whatwg-url@5.0.0", "", { "dependencies": { "tr46": "~0.0.3", "webidl-conversions": "^3.0.0" } }, ""],

    "wrappy": ["wrappy@1.0.2", "", {}, ""],

    "@movie-web/providers/node-fetch": ["node-fetch@3.3.2", "", { "dependencies": { "data-uri-to-buffer": "^4.0.0", "fetch-blob": "^3.1.4", "formdata-polyfill": "^4.0.10" } }, ""],

    "@types/cacheable-request/@types/node": ["@types/node@26.6.4", "", { "dependencies": { "undici-types": "~8.9.0" } }, ""],

    "@types/keyv/@types/node": ["@types/node@26.6.4", "", { "dependencies": { "undici-types": "~8.9.0" } }, ""],

    "@types/responselike/@types/node": ["@types/node@26.6.4", "", { "dependencies": { "undici-types": "~8.9.0" } }, ""],

    "ajv/fast-uri": ["fast-uri@3.1.8", "", {}, ""],

    "clone-response/mimic-response": ["mimic-response@1.0.1", "", {}, ""],

    "decompress-response/mimic-response": ["mimic-response@3.1.0", "", {}, ""],

    "dot-prop/type-fest": ["type-fest@2.19.0", "", {}, ""],

    "got-scraping/got": ["got@14.6.6", "", { "dependencies": { "@sindresorhus/is": "^7.0.1", "byte-counter": "^0.1.0", "cacheable-lookup": "^7.0.0", "cacheable-request": "^13.0.12", "decompress-response": "^10.0.0", "form-data-encoder": "^4.0.2", "http2-wrapper": "^2.2.1", "keyv": "^5.5.3", "lowercase-keys": "^3.0.0", "p-cancelable": "^4.0.1", "responselike": "^4.0.2", "type-fest": "^4.26.1" } }, ""],

    "got-scraping/http2-wrapper": ["http2-wrapper@2.2.1", "", { "dependencies": { "quick-lru": "^5.1.1", "resolve-alpn": "^1.2.0" } }, ""],

    "header-generator/ow": ["ow@0.28.2", "", { "dependencies": { "@sindresorhus/is": "^4.2.0", "callsites": "^3.1.0", "dot-prop": "^6.0.1", "lodash.isequal": "^4.5.0", "vali-date": "^1.0.0" } }, ""],

    "htmlparser2/entities": ["entities@7.0.1", "", {}, ""],

    "http2-wrapper/quick-lru": ["quick-lru@5.1.1", "", {}, ""],

    "light-my-request/cookie": ["cookie@1.1.1", "", {}, ""],

    "light-my-request/process-warning": ["process-warning@4.0.1", "", {}, ""],

    "ow/@sindresorhus/is": ["@sindresorhus/is@5.6.0", "", {}, ""],

    "parse5/entities": ["entities@6.0.1", "", {}, ""],

    "@types/cacheable-request/@types/node/undici-types": ["undici-types@8.9.0", "", {}, ""],

    "@types/keyv/@types/node/undici-types": ["undici-types@8.9.0", "", {}, ""],

    "@types/responselike/@types/node/undici-types": ["undici-types@8.9.0", "", {}, ""],

    "got-scraping/got/@sindresorhus/is": ["@sindresorhus/is@7.2.0", "", {}, ""],

    "got-scraping/got/cacheable-lookup": ["cacheable-lookup@7.0.0", "", {}, ""],

    "got-scraping/got/cacheable-request": ["cacheable-request@13.0.19", "", { "dependencies": { "@types/http-cache-semantics": "^4.2.0", "get-stream": "^9.0.1", "http-cache-semantics": "^4.2.0", "keyv": "^5.6.0", "mimic-response": "^4.0.0", "normalize-url": "^8.1.1", "responselike": "^4.0.2" } }, ""],

    "got-scraping/got/decompress-response": ["decompress-response@10.0.0", "", { "dependencies": { "mimic-response": "^4.0.0" } }, ""],

    "got-scraping/got/keyv": ["keyv@5.6.0", "", { "dependencies": { "@keyv/serialize": "^1.1.1" } }, ""],

    "got-scraping/got/lowercase-keys": ["lowercase-keys@3.0.0", "", {}, ""],

    "got-scraping/got/p-cancelable": ["p-cancelable@4.0.1", "", {}, ""],

    "got-scraping/got/responselike": ["responselike@4.0.2", "", { "dependencies": { "lowercase-keys": "^3.0.0" } }, ""],

    "got-scraping/http2-wrapper/quick-lru": ["quick-lru@5.1.1", "", {}, ""],

    "header-generator/ow/callsites": ["callsites@3.1.0", "", {}, ""],

    "header-generator/ow/dot-prop": ["dot-prop@6.0.1", "", { "dependencies": { "is-obj": "^2.0.0" } }, ""],

    "got-scraping/got/cacheable-request/get-stream": ["get-stream@9.0.1", "", { "dependencies": { "@sec-ant/readable-stream": "^0.4.1", "is-stream": "^4.0.1" } }, ""],

    "got-scraping/got/cacheable-request/normalize-url": ["normalize-url@8.1.1", "", {}, ""],
  }
}
